
Microsoft Visual Studio Solution File, Format Version 12.00
# Visual Studio Version 16
VisualStudioVersion = 16.0.30503.244
MinimumVisualStudioVersion = 10.0.40219.1
Project("{FAE04EC0-301F-11D3-BF4B-00C04F79EFBC}") = "Comp2084Games", "Comp2084Games\Comp2084Games.csproj", "{0CBAB933-EFA6-42DF-BDFD-2D7864A8E80C}"
EndProject
Global
	GlobalSection(SolutionConfigurationPlatforms) = preSolution
		Debug|Any CPU = Debug|Any CPU
		Release|Any CPU = Release|Any CPU
	EndGlobalSection
	GlobalSection(ProjectConfigurationPlatforms) = postSolution
		{0CBAB933-EFA6-42DF-BDFD-2D7864A8E80C}.Debug|Any CPU.ActiveCfg = Debug|Any CPU
		{0CBAB933-EFA6-42DF-BDFD-2D7864A8E80C}.Debug|Any CPU.Build.0 = Debug|Any CPU
		{0CBAB933-EFA6-42DF-BDFD-2D7864A8E80C}.Release|Any CPU.ActiveCfg = Release|Any CPU
		{0CBAB933-EFA6-42DF-BDFD-2D7864A8E80C}.Release|Any CPU.Build.0 = Release|Any CPU
	EndGlobalSection
	GlobalSection(SolutionProperties) = preSolution
		HideSolutionNode = FALSE
	EndGlobalSection
	GlobalSection(ExtensibilityGlobals) = postSolution
		SolutionGuid = {290B2DC5-6331-4F49-B5C2-CAF137868941}
	EndGlobalSection
EndGlobal
